{
  "name": "server",
  "version": "1.0.0",
  "lockfileVersion": 1,
  "requires": true,
  "dependencies": {
    "node-json-rpc": {
      "version": "git+https://github.com/jowa-aau/node-json-rpc.git#d29d85b79c63278a653286bd420889b8481e0b47",
      "from": "git+https://github.com/jowa-aau/node-json-rpc.git"
    }
  }
}
